
Microsoft Visual Studio Solution File, Format Version 12.00
# Visual Studio Version 16
VisualStudioVersion = 16.0.30804.86
MinimumVisualStudioVersion = 10.0.40219.1
Project("{FAE04EC0-301F-11D3-BF4B-00C04F79EFBC}") = "Walrushop", "Walrushop\Walrushop.csproj", "{1CB57C08-A0E6-48D4-8A2B-F3B55537479D}"
EndProject
Global
	GlobalSection(SolutionConfigurationPlatforms) = preSolution
		Debug|Any CPU = Debug|Any CPU
		Release|Any CPU = Release|Any CPU
	EndGlobalSection
	GlobalSection(ProjectConfigurationPlatforms) = postSolution
		{1CB57C08-A0E6-48D4-8A2B-F3B55537479D}.Debug|Any CPU.ActiveCfg = Debug|Any CPU
		{1CB57C08-A0E6-48D4-8A2B-F3B55537479D}.Debug|Any CPU.Build.0 = Debug|Any CPU
		{1CB57C08-A0E6-48D4-8A2B-F3B55537479D}.Release|Any CPU.ActiveCfg = Release|Any CPU
		{1CB57C08-A0E6-48D4-8A2B-F3B55537479D}.Release|Any CPU.Build.0 = Release|Any CPU
	EndGlobalSection
	GlobalSection(SolutionProperties) = preSolution
		HideSolutionNode = FALSE
	EndGlobalSection
	GlobalSection(ExtensibilityGlobals) = postSolution
		SolutionGuid = {4712E411-05CB-442E-A547-B0714BB47B1C}
	EndGlobalSection
EndGlobal
